{
  "version": 4,
  "terraform_version": "1.16.2",
  "serial": 1,
  "lineage": "5b34d0f7-ba27-2c3a-efed-bc1eaf4a37ba",
  "outputs": {
    "created_file_content": {
      "value": "This file was created by Terraform using variables.",
      "type": "string"
    },
    "created_file_path": {
      "value": "./nisha-terraform-lab.txt",
      "type": "string"
    }
  },
  "resources": [
    {
      "mode": "managed",
      "type": "local_file",
      "name": "lab_file",
      "provider": "provider[\"registry.terraform.io/hashicorp/local\"]",
      "instances": [
        {
          "schema_version": 0,
          "attributes": {
            "content": "This file was created by Terraform using variables.",
            "content_base64": null,
            "content_base64sha256": "N5VO91YH1upz8FttY4L58E9+FfqGqHgv5WisPOXLNHM=",
            "content_base64sha512": "WTvIUGLsaliMh2MKBv3dM84q5n9Kx+f15A4s5xUZml/nRqU6X+9BQOT1OEJWkB7STrE3gaI8Tlboo8QwtqlGNw==",
            "content_md5": "d1222496e070b4d11793edfc0d2964fb",
            "content_sha1": "69a952ec47068e0cdd74140bfda354f8c2c08e49",
            "content_sha256": "37954ef75607d6ea73f05b6d6382f9f04f7e15fa86a8782fe568ac3ce5cb3473",
            "content_sha512": "593bc85062ec6a588c87630a06fddd33ce2ae67f4ac7e7f5e40e2ce715199a5fe746a53a5fef4140e4f5384256901ed24eb13781a23c4e56e8a3c430b6a94637",
            "directory_permission": "0777",
            "file_permission": "0777",
            "filename": "./nisha-terraform-lab.txt",
            "id": "69a952ec47068e0cdd74140bfda354f8c2c08e49",
            "sensitive_content": null,
            "source": null
          },
          "sensitive_attributes": [
            [
              {
                "type": "get_attr",
                "value": "sensitive_content"
              }
            ]
          ],
          "identity_schema_version": 0
        }
      ]
    }
  ],
  "check_results": null
}
